
Microsoft Visual Studio Solution File, Format Version 12.00
# Visual Studio Version 16
VisualStudioVersion = 16.0.32106.194
MinimumVisualStudioVersion = 10.0.40219.1
Project("{FAE04EC0-301F-11D3-BF4B-00C04F79EFBC}") = "BlazorWebApp.Server", "BlazorWebApp\Server\BlazorWebApp.Server.csproj", "{D37DD41D-2BFA-4954-BCD9-D46A47FFD44F}"
EndProject
Project("{FAE04EC0-301F-11D3-BF4B-00C04F79EFBC}") = "BlazorWebApp.Client", "BlazorWebApp\Client\BlazorWebApp.Client.csproj", "{A69EAF63-3159-4E95-8348-DF05D3389D06}"
EndProject
Project("{FAE04EC0-301F-11D3-BF4B-00C04F79EFBC}") = "BlazorWebApp.Shared", "BlazorWebApp\Shared\BlazorWebApp.Shared.csproj", "{744BE052-C4DE-4EB1-8805-3B9C0555BBE6}"
EndProject
Global
	GlobalSection(SolutionConfigurationPlatforms) = preSolution
		Debug|Any CPU = Debug|Any CPU
		Release|Any CPU = Release|Any CPU
	EndGlobalSection
	GlobalSection(ProjectConfigurationPlatforms) = postSolution
		{D37DD41D-2BFA-4954-BCD9-D46A47FFD44F}.Debug|Any CPU.ActiveCfg = Debug|Any CPU
		{D37DD41D-2BFA-4954-BCD9-D46A47FFD44F}.Debug|Any CPU.Build.0 = Debug|Any CPU
		{D37DD41D-2BFA-4954-BCD9-D46A47FFD44F}.Release|Any CPU.ActiveCfg = Release|Any CPU
		{D37DD41D-2BFA-4954-BCD9-D46A47FFD44F}.Release|Any CPU.Build.0 = Release|Any CPU
		{A69EAF63-3159-4E95-8348-DF05D3389D06}.Debug|Any CPU.ActiveCfg = Debug|Any CPU
		{A69EAF63-3159-4E95-8348-DF05D3389D06}.Debug|Any CPU.Build.0 = Debug|Any CPU
		{A69EAF63-3159-4E95-8348-DF05D3389D06}.Release|Any CPU.ActiveCfg = Release|Any CPU
		{A69EAF63-3159-4E95-8348-DF05D3389D06}.Release|Any CPU.Build.0 = Release|Any CPU
		{744BE052-C4DE-4EB1-8805-3B9C0555BBE6}.Debug|Any CPU.ActiveCfg = Debug|Any CPU
		{744BE052-C4DE-4EB1-8805-3B9C0555BBE6}.Debug|Any CPU.Build.0 = Debug|Any CPU
		{744BE052-C4DE-4EB1-8805-3B9C0555BBE6}.Release|Any CPU.ActiveCfg = Release|Any CPU
		{744BE052-C4DE-4EB1-8805-3B9C0555BBE6}.Release|Any CPU.Build.0 = Release|Any CPU
	EndGlobalSection
	GlobalSection(SolutionProperties) = preSolution
		HideSolutionNode = FALSE
	EndGlobalSection
	GlobalSection(ExtensibilityGlobals) = postSolution
		SolutionGuid = {75790263-5418-4CE2-A2DC-7D15DC0F4072}
	EndGlobalSection
EndGlobal
